// !$*UTF8*$!
{
	archiveVersion = 1;
	classes = {
	};
	objectVersion = 50;
	objects = {

/* Begin PBXBuildFile section */
		043372DE23FD692C00034D01 /* AppDelegate.swift in Sources */ = {isa = PBXBuildFile; fileRef = 043372DD23FD692C00034D01 /* AppDelegate.swift */; };
		043372E023FD692C00034D01 /* SceneDelegate.swift in Sources */ = {isa = PBXBuildFile; fileRef = 043372DF23FD692C00034D01 /* SceneDelegate.swift */; };
		043372E223FD692C00034D01 /* ViewController.swift in Sources */ = {isa = PBXBuildFile; fileRef = 043372E123FD692C00034D01 /* ViewController.swift */; };
		043372E523FD692C00034D01 /* Main.storyboard in Resources */ = {isa = PBXBuildFile; fileRef = 043372E323FD692C00034D01 /* Main.storyboard */; };
		043372E723FD692D00034D01 /* Assets.xcassets in Resources */ = {isa = PBXBuildFile; fileRef = 043372E623FD692D00034D01 /* Assets.xcassets */; };
		043372EA23FD692D00034D01 /* LaunchScreen.storyboard in Resources */ = {isa = PBXBuildFile; fileRef = 043372E823FD692D00034D01 /* LaunchScreen.storyboard */; };
		043372F423FD6B4600034D01 /* Sonect.framework in Frameworks */ = {isa = PBXBuildFile; fileRef = 043372F223FD6B3C00034D01 /* Sonect.framework */; };
		043372F523FD6B4600034D01 /* Sonect.framework in Embed Frameworks */ = {isa = PBXBuildFile; fileRef = 043372F223FD6B3C00034D01 /* Sonect.framework */; settings = {ATTRIBUTES = (RemoveHeadersOnCopy, ); }; };
		043372F823FD6C1800034D01 /* SonectConfiguration.plist in Resources */ = {isa = PBXBuildFile; fileRef = 043372F723FD6C1800034D01 /* SonectConfiguration.plist */; };
		048992EF240CF98F00D43F13 /* BankConfirmationViewController.swift in Sources */ = {isa = PBXBuildFile; fileRef = 048992ED240CF98F00D43F13 /* BankConfirmationViewController.swift */; };
		048992F0240CF98F00D43F13 /* BankConfirmationViewController.xib in Resources */ = {isa = PBXBuildFile; fileRef = 048992EE240CF98F00D43F13 /* BankConfirmationViewController.xib */; };
/* End PBXBuildFile section */

/* Begin PBXCopyFilesBuildPhase section */
		043372F623FD6B4600034D01 /* Embed Frameworks */ = {
			isa = PBXCopyFilesBuildPhase;
			buildActionMask = 2147483647;
			dstPath = "";
			dstSubfolderSpec = 10;
			files = (
				043372F523FD6B4600034D01 /* Sonect.framework in Embed Frameworks */,
			);
			name = "Embed Frameworks";
			runOnlyForDeploymentPostprocessing = 0;
		};
/* End PBXCopyFilesBuildPhase section */

/* Begin PBXFileReference section */
		043372DA23FD692C00034D01 /* SonectSDKIntegrationApp.app */ = {isa = PBXFileReference; explicitFileType = wrapper.application; includeInIndex = 0; path = SonectSDKIntegrationApp.app; sourceTree = BUILT_PRODUCTS_DIR; };
		043372DD23FD692C00034D01 /* AppDelegate.swift */ = {isa = PBXFileReference; lastKnownFileType = sourcecode.swift; path = AppDelegate.swift; sourceTree = "<group>"; };
		043372DF23FD692C00034D01 /* SceneDelegate.swift */ = {isa = PBXFileReference; lastKnownFileType = sourcecode.swift; path = SceneDelegate.swift; sourceTree = "<group>"; };
		043372E123FD692C00034D01 /* ViewController.swift */ = {isa = PBXFileReference; lastKnownFileType = sourcecode.swift; path = ViewController.swift; sourceTree = "<group>"; };
		043372E423FD692C00034D01 /* Base */ = {isa = PBXFileReference; lastKnownFileType = file.storyboard; name = Base; path = Base.lproj/Main.storyboard; sourceTree = "<group>"; };
		043372E623FD692D00034D01 /* Assets.xcassets */ = {isa = PBXFileReference; lastKnownFileType = folder.assetcatalog; path = Assets.xcassets; sourceTree = "<group>"; };
		043372E923FD692D00034D01 /* Base */ = {isa = PBXFileReference; lastKnownFileType = file.storyboard; name = Base; path = Base.lproj/LaunchScreen.storyboard; sourceTree = "<group>"; };
		043372EB23FD692D00034D01 /* Info.plist */ = {isa = PBXFileReference; lastKnownFileType = text.plist.xml; path = Info.plist; sourceTree = "<group>"; };
		043372F223FD6B3C00034D01 /* Sonect.framework */ = {isa = PBXFileReference; lastKnownFileType = wrapper.framework; name = Sonect.framework; path = Carthage/Build/iOS/Sonect.framework; sourceTree = SOURCE_ROOT; };
		043372F723FD6C1800034D01 /* SonectConfiguration.plist */ = {isa = PBXFileReference; lastKnownFileType = text.plist; path = SonectConfiguration.plist; sourceTree = SOURCE_ROOT; };
		048992ED240CF98F00D43F13 /* BankConfirmationViewController.swift */ = {isa = PBXFileReference; lastKnownFileType = sourcecode.swift; path = BankConfirmationViewController.swift; sourceTree = "<group>"; };
		048992EE240CF98F00D43F13 /* BankConfirmationViewController.xib */ = {isa = PBXFileReference; lastKnownFileType = file.xib; path = BankConfirmationViewController.xib; sourceTree = "<group>"; };
/* End PBXFileReference section */

/* Begin PBXFrameworksBuildPhase section */
		043372D723FD692C00034D01 /* Frameworks */ = {
			isa = PBXFrameworksBuildPhase;
			buildActionMask = 2147483647;
			files = (
				043372F423FD6B4600034D01 /* Sonect.framework in Frameworks */,
			);
			runOnlyForDeploymentPostprocessing = 0;
		};
/* End PBXFrameworksBuildPhase section */

/* Begin PBXGroup section */
		043372D123FD692C00034D01 = {
			isa = PBXGroup;
			children = (
				043372DC23FD692C00034D01 /* SonectSDKIntegrationApp */,
				043372F123FD6B2B00034D01 /* Frameworks */,
				043372DB23FD692C00034D01 /* Products */,
			);
			sourceTree = "<group>";
		};
		043372DB23FD692C00034D01 /* Products */ = {
			isa = PBXGroup;
			children = (
				043372DA23FD692C00034D01 /* SonectSDKIntegrationApp.app */,
			);
			name = Products;
			sourceTree = "<group>";
		};
		043372DC23FD692C00034D01 /* SonectSDKIntegrationApp */ = {
			isa = PBXGroup;
			children = (
				048992EC240CF97300D43F13 /* Bank */,
				043372F723FD6C1800034D01 /* SonectConfiguration.plist */,
				043372DD23FD692C00034D01 /* AppDelegate.swift */,
				043372DF23FD692C00034D01 /* SceneDelegate.swift */,
				043372E123FD692C00034D01 /* ViewController.swift */,
				043372E323FD692C00034D01 /* Main.storyboard */,
				043372E623FD692D00034D01 /* Assets.xcassets */,
				043372E823FD692D00034D01 /* LaunchScreen.storyboard */,
				043372EB23FD692D00034D01 /* Info.plist */,
			);
			path = SonectSDKIntegrationApp;
			sourceTree = "<group>";
		};
		043372F123FD6B2B00034D01 /* Frameworks */ = {
			isa = PBXGroup;
			children = (
				043372F223FD6B3C00034D01 /* Sonect.framework */,
			);
			path = Frameworks;
			sourceTree = "<group>";
		};
		048992EC240CF97300D43F13 /* Bank */ = {
			isa = PBXGroup;
			children = (
				048992ED240CF98F00D43F13 /* BankConfirmationViewController.swift */,
				048992EE240CF98F00D43F13 /* BankConfirmationViewController.xib */,
			);
			path = Bank;
			sourceTree = "<group>";
		};
/* End PBXGroup section */

/* Begin PBXNativeTarget section */
		043372D923FD692C00034D01 /* SonectSDKIntegrationApp */ = {
			isa = PBXNativeTarget;
			buildConfigurationList = 043372EE23FD692D00034D01 /* Build configuration list for PBXNativeTarget "SonectSDKIntegrationApp" */;
			buildPhases = (
				043372D623FD692C00034D01 /* Sources */,
				043372D723FD692C00034D01 /* Frameworks */,
				043372D823FD692C00034D01 /* Resources */,
				043372F623FD6B4600034D01 /* Embed Frameworks */,
			);
			buildRules = (
			);
			dependencies = (
			);
			name = SonectSDKIntegrationApp;
			productName = SonectSDKIntegrationApp;
			productReference = 043372DA23FD692C00034D01 /* SonectSDKIntegrationApp.app */;
			productType = "com.apple.product-type.application";
		};
/* End PBXNativeTarget section */

/* Begin PBXProject section */
		043372D223FD692C00034D01 /* Project object */ = {
			isa = PBXProject;
			attributes = {
				LastSwiftUpdateCheck = 1130;
				LastUpgradeCheck = 1130;
				ORGANIZATIONNAME = Sonect;
				TargetAttributes = {
					043372D923FD692C00034D01 = {
						CreatedOnToolsVersion = 11.3.1;
					};
				};
			};
			buildConfigurationList = 043372D523FD692C00034D01 /* Build configuration list for PBXProject "SonectSDKIntegrationApp" */;
			compatibilityVersion = "Xcode 9.3";
			developmentRegion = en;
			hasScannedForEncodings = 0;
			knownRegions = (
				en,
				Base,
			);
			mainGroup = 043372D123FD692C00034D01;
			productRefGroup = 043372DB23FD692C00034D01 /* Products */;
			projectDirPath = "";
			projectRoot = "";
			targets = (
				043372D923FD692C00034D01 /* SonectSDKIntegrationApp */,
			);
		};
/* End PBXProject section */

/* Begin PBXResourcesBuildPhase section */
		043372D823FD692C00034D01 /* Resources */ = {
			isa = PBXResourcesBuildPhase;
			buildActionMask = 2147483647;
			files = (
				043372EA23FD692D00034D01 /* LaunchScreen.storyboard in Resources */,
				048992F0240CF98F00D43F13 /* BankConfirmationViewController.xib in Resources */,
				043372E723FD692D00034D01 /* Assets.xcassets in Resources */,
				043372E523FD692C00034D01 /* Main.storyboard in Resources */,
				043372F823FD6C1800034D01 /* SonectConfiguration.plist in Resources */,
			);
			runOnlyForDeploymentPostprocessing = 0;
		};
/* End PBXResourcesBuildPhase section */

/* Begin PBXSourcesBuildPhase section */
		043372D623FD692C00034D01 /* Sources */ = {
			isa = PBXSourcesBuildPhase;
			buildActionMask = 2147483647;
			files = (
				043372E223FD692C00034D01 /* ViewController.swift in Sources */,
				043372DE23FD692C00034D01 /* AppDelegate.swift in Sources */,
				043372E023FD692C00034D01 /* SceneDelegate.swift in Sources */,
				048992EF240CF98F00D43F13 /* BankConfirmationViewController.swift in Sources */,
			);
			runOnlyForDeploymentPostprocessing = 0;
		};
/* End PBXSourcesBuildPhase section */

/* Begin PBXVariantGroup section */
		043372E323FD692C00034D01 /* Main.storyboard */ = {
			isa = PBXVariantGroup;
			children = (
				043372E423FD692C00034D01 /* Base */,
			);
			name = Main.storyboard;
			sourceTree = "<group>";
		};
		043372E823FD692D00034D01 /* LaunchScreen.storyboard */ = {
			isa = PBXVariantGroup;
			children = (
				043372E923FD692D00034D01 /* Base */,
			);
			name = LaunchScreen.storyboard;
			sourceTree = "<group>";
		};
/* End PBXVariantGroup section */

/* Begin XCBuildConfiguration section */
		043372EC23FD692D00034D01 /* Debug */ = {
			isa = XCBuildConfiguration;
			buildSettings = {
				ALWAYS_SEARCH_USER_PATHS = NO;
				CLANG_ANALYZER_NONNULL = YES;
				CLANG_ANALYZER_NUMBER_OBJECT_CONVERSION = YES_AGGRESSIVE;
				CLANG_CXX_LANGUAGE_STANDARD = "gnu++14";
				CLANG_CXX_LIBRARY = "libc++";
				CLANG_ENABLE_MODULES = YES;
				CLANG_ENABLE_OBJC_ARC = YES;
				CLANG_ENABLE_OBJC_WEAK = YES;
				CLANG_WARN_BLOCK_CAPTURE_AUTORELEASING = YES;
				CLANG_WARN_BOOL_CONVERSION = YES;
				CLANG_WARN_COMMA = YES;
				CLANG_WARN_CONSTANT_CONVERSION = YES;
				CLANG_WARN_DEPRECATED_OBJC_IMPLEMENTATIONS = YES;
				CLANG_WARN_DIRECT_OBJC_ISA_USAGE = YES_ERROR;
				CLANG_WARN_DOCUMENTATION_COMMENTS = YES;
				CLANG_WARN_EMPTY_BODY = YES;
				CLANG_WARN_ENUM_CONVERSION = YES;
				CLANG_WARN_INFINITE_RECURSION = YES;
				CLANG_WARN_INT_CONVERSION = YES;
				CLANG_WARN_NON_LITERAL_NULL_CONVERSION = YES;
				CLANG_WARN_OBJC_IMPLICIT_RETAIN_SELF = YES;
				CLANG_WARN_OBJC_LITERAL_CONVERSION = YES;
				CLANG_WARN_OBJC_ROOT_CLASS = YES_ERROR;
				CLANG_WARN_RANGE_LOOP_ANALYSIS = YES;
				CLANG_WARN_STRICT_PROTOTYPES = YES;
				CLANG_WARN_SUSPICIOUS_MOVE = YES;
				CLANG_WARN_UNGUARDED_AVAILABILITY = YES_AGGRESSIVE;
				CLANG_WARN_UNREACHABLE_CODE = YES;
				CLANG_WARN__DUPLICATE_METHOD_MATCH = YES;
				COPY_PHASE_STRIP = NO;
				DEBUG_INFORMATION_FORMAT = dwarf;
				ENABLE_STRICT_OBJC_MSGSEND = YES;
				ENABLE_TESTABILITY = YES;
				GCC_C_LANGUAGE_STANDARD = gnu11;
				GCC_DYNAMIC_NO_PIC = NO;
				GCC_NO_COMMON_BLOCKS = YES;
				GCC_OPTIMIZATION_LEVEL = 0;
				GCC_PREPROCESSOR_DEFINITIONS = (
					"DEBUG=1",
					"$(inherited)",
				);
				GCC_WARN_64_TO_32_BIT_CONVERSION = YES;
				GCC_WARN_ABOUT_RETURN_TYPE = YES_ERROR;
				GCC_WARN_UNDECLARED_SELECTOR = YES;
				GCC_WARN_UNINITIALIZED_AUTOS = YES_AGGRESSIVE;
				GCC_WARN_UNUSED_FUNCTION = YES;
				GCC_WARN_UNUSED_VARIABLE = YES;
				IPHONEOS_DEPLOYMENT_TARGET = 13.2;
				MTL_ENABLE_DEBUG_INFO = INCLUDE_SOURCE;
				MTL_FAST_MATH = YES;
				ONLY_ACTIVE_ARCH = YES;
				SDKROOT = iphoneos;
				SWIFT_ACTIVE_COMPILATION_CONDITIONS = DEBUG;
				SWIFT_OPTIMIZATION_LEVEL = "-Onone";
			};
			name = Debug;
		};
		043372ED23FD692D00034D01 /* Release */ = {
			isa = XCBuildConfiguration;
			buildSettings = {
				ALWAYS_SEARCH_USER_PATHS = NO;
				CLANG_ANALYZER_NONNULL = YES;
				CLANG_ANALYZER_NUMBER_OBJECT_CONVERSION = YES_AGGRESSIVE;
				CLANG_CXX_LANGUAGE_STANDARD = "gnu++14";
				CLANG_CXX_LIBRARY = "libc++";
				CLANG_ENABLE_MODULES = YES;
				CLANG_ENABLE_OBJC_ARC = YES;
				CLANG_ENABLE_OBJC_WEAK = YES;
				CLANG_WARN_BLOCK_CAPTURE_AUTORELEASING = YES;
				CLANG_WARN_BOOL_CONVERSION = YES;
				CLANG_WARN_COMMA = YES;
				CLANG_WARN_CONSTANT_CONVERSION = YES;
				CLANG_WARN_DEPRECATED_OBJC_IMPLEMENTATIONS = YES;
				CLANG_WARN_DIRECT_OBJC_ISA_USAGE = YES_ERROR;
				CLANG_WARN_DOCUMENTATION_COMMENTS = YES;
				CLANG_WARN_EMPTY_BODY = YES;
				CLANG_WARN_ENUM_CONVERSION = YES;
				CLANG_WARN_INFINITE_RECURSION = YES;
				CLANG_WARN_INT_CONVERSION = YES;
				CLANG_WARN_NON_LITERAL_NULL_CONVERSION = YES;
				CLANG_WARN_OBJC_IMPLICIT_RETAIN_SELF = YES;
				CLANG_WARN_OBJC_LITERAL_CONVERSION = YES;
				CLANG_WARN_OBJC_ROOT_CLASS = YES_ERROR;
				CLANG_WARN_RANGE_LOOP_ANALYSIS = YES;
				CLANG_WARN_STRICT_PROTOTYPES = YES;
				CLANG_WARN_SUSPICIOUS_MOVE = YES;
				CLANG_WARN_UNGUARDED_AVAILABILITY = YES_AGGRESSIVE;
				CLANG_WARN_UNREACHABLE_CODE = YES;
				CLANG_WARN__DUPLICATE_METHOD_MATCH = YES;
				COPY_PHASE_STRIP = NO;
				DEBUG_INFORMATION_FORMAT = "dwarf-with-dsym";
				ENABLE_NS_ASSERTIONS = NO;
				ENABLE_STRICT_OBJC_MSGSEND = YES;
				GCC_C_LANGUAGE_STANDARD = gnu11;
				GCC_NO_COMMON_BLOCKS = YES;
				GCC_WARN_64_TO_32_BIT_CONVERSION = YES;
				GCC_WARN_ABOUT_RETURN_TYPE = YES_ERROR;
				GCC_WARN_UNDECLARED_SELECTOR = YES;
				GCC_WARN_UNINITIALIZED_AUTOS = YES_AGGRESSIVE;
				GCC_WARN_UNUSED_FUNCTION = YES;
				GCC_WARN_UNUSED_VARIABLE = YES;
				IPHONEOS_DEPLOYMENT_TARGET = 13.2;
				MTL_ENABLE_DEBUG_INFO = NO;
				MTL_FAST_MATH = YES;
				SDKROOT = iphoneos;
				SWIFT_COMPILATION_MODE = wholemodule;
				SWIFT_OPTIMIZATION_LEVEL = "-O";
				VALIDATE_PRODUCT = YES;
			};
			name = Release;
		};
		043372EF23FD692D00034D01 /* Debug */ = {
			isa = XCBuildConfiguration;
			buildSettings = {
				ASSETCATALOG_COMPILER_APPICON_NAME = AppIcon;
				CODE_SIGN_STYLE = Automatic;
				DEVELOPMENT_TEAM = VJ8Q6FKHZ8;
				FRAMEWORK_SEARCH_PATHS = (
					"$(inherited)",
					"$(PROJECT_DIR)/Carthage/Build/iOS",
				);
				INFOPLIST_FILE = SonectSDKIntegrationApp/Info.plist;
				LD_RUNPATH_SEARCH_PATHS = (
					"$(inherited)",
					"@executable_path/Frameworks",
				);
				PRODUCT_BUNDLE_IDENTIFIER = ch.sonect.SonectSDKIntegrationApp;
				PRODUCT_NAME = "$(TARGET_NAME)";
				SWIFT_VERSION = 5.0;
				TARGETED_DEVICE_FAMILY = "1,2";
			};
			name = Debug;
		};
		043372F023FD692D00034D01 /* Release */ = {
			isa = XCBuildConfiguration;
			buildSettings = {
				ASSETCATALOG_COMPILER_APPICON_NAME = AppIcon;
				CODE_SIGN_STYLE = Automatic;
				DEVELOPMENT_TEAM = VJ8Q6FKHZ8;
				FRAMEWORK_SEARCH_PATHS = (
					"$(inherited)",
					"$(PROJECT_DIR)/Carthage/Build/iOS",
				);
				INFOPLIST_FILE = SonectSDKIntegrationApp/Info.plist;
				LD_RUNPATH_SEARCH_PATHS = (
					"$(inherited)",
					"@executable_path/Frameworks",
				);
				PRODUCT_BUNDLE_IDENTIFIER = ch.sonect.SonectSDKIntegrationApp;
				PRODUCT_NAME = "$(TARGET_NAME)";
				SWIFT_VERSION = 5.0;
				TARGETED_DEVICE_FAMILY = "1,2";
			};
			name = Release;
		};
/* End XCBuildConfiguration section */

/* Begin XCConfigurationList section */
		043372D523FD692C00034D01 /* Build configuration list for PBXProject "SonectSDKIntegrationApp" */ = {
			isa = XCConfigurationList;
			buildConfigurations = (
				043372EC23FD692D00034D01 /* Debug */,
				043372ED23FD692D00034D01 /* Release */,
			);
			defaultConfigurationIsVisible = 0;
			defaultConfigurationName = Release;
		};
		043372EE23FD692D00034D01 /* Build configuration list for PBXNativeTarget "SonectSDKIntegrationApp" */ = {
			isa = XCConfigurationList;
			buildConfigurations = (
				043372EF23FD692D00034D01 /* Debug */,
				043372F023FD692D00034D01 /* Release */,
			);
			defaultConfigurationIsVisible = 0;
			defaultConfigurationName = Release;
		};
/* End XCConfigurationList section */
	};
	rootObject = 043372D223FD692C00034D01 /* Project object */;
}
